{
  "nodes": {
    "app1-infrastruktur": {
      "inputs": {
        "flake-utils": "flake-utils",
        "nixpkgs": [
          "nixpkgs-stable"
        ]
      },
      "locked": {
        "lastModified": 1679433014,
        "narHash": "sha256-K67rhzBLnucPsCUEJexqUSyK5UolgDAAFKmi3PkSWsk=",
        "owner": "emanueljg",
        "repo": "app1-infrastruktur",
        "rev": "de0969befd93c359e3c5d5b31ae0f02504a1a890",
        "type": "github"
      },
      "original": {
        "owner": "emanueljg",
        "repo": "app1-infrastruktur",
        "type": "github"
      }
    },
    "devop22": {
      "inputs": {
        "app1-infrastruktur": [
          "app1-infrastruktur"
        ],
        "https-server-proxy": [
          "https-server-proxy"
        ],
        "nixpkgs": [
          "nixpkgs-stable"
        ],
        "nodehill-home-page": [
          "nodehill-home-page"
        ]
      },
      "locked": {
        "lastModified": 1682531985,
        "narHash": "sha256-3sKKaVAotMf/J5A0y2pCosKPzRb4M6DwjYe2jVOCGD0=",
        "owner": "emanueljg",
        "repo": "devop22-infra",
        "rev": "2fa141d2c4a7b7397029d50bb308a6b3f9a4cc5f",
        "type": "github"
      },
      "original": {
        "owner": "emanueljg",
        "repo": "devop22-infra",
        "type": "github"
      }
    },
    "discordo": {
      "inputs": {
        "nixpkgs": [
          "nixpkgs"
        ]
      },
      "locked": {
        "lastModified": 1677011611,
        "narHash": "sha256-KChDOhnH6GVQmEfIcdXL/DTx5QyZp1LSzTwdbo+8Auo=",
        "owner": "emanueljg",
        "repo": "discordo",
        "rev": "852eb8ee5d8742052f017edc2a8d7acc458a51b2",
        "type": "github"
      },
      "original": {
        "owner": "emanueljg",
        "repo": "discordo",
        "type": "github"
      }
    },
    "filmvisarna": {
      "inputs": {
        "flake-utils": "flake-utils_2",
        "nixpkgs": [
          "nixpkgs"
        ]
      },
      "locked": {
        "lastModified": 1677451337,
        "narHash": "sha256-w+isFaldD4aHthACpquVNHmnRNu2tUHYklXxnIAxlbs=",
        "owner": "emanueljg",
        "repo": "filmvisarna-backend",
        "rev": "657513c74d2031a6ee93ff78b599faf2d6dbc615",
        "type": "github"
      },
      "original": {
        "owner": "emanueljg",
        "repo": "filmvisarna-backend",
        "type": "github"
      }
    },
    "flake-utils": {
      "inputs": {
        "systems": "systems"
      },
      "locked": {
        "lastModified": 1681202837,
        "narHash": "sha256-H+Rh19JDwRtpVPAWp64F+rlEtxUWBAQW28eAi3SRSzg=",
        "owner": "numtide",
        "repo": "flake-utils",
        "rev": "cfacdce06f30d2b68473a46042957675eebb3401",
        "type": "github"
      },
      "original": {
        "owner": "numtide",
        "repo": "flake-utils",
        "type": "github"
      }
    },
    "flake-utils_2": {
      "locked": {
        "lastModified": 1676283394,
        "narHash": "sha256-XX2f9c3iySLCw54rJ/CZs+ZK6IQy7GXNY4nSOyu2QG4=",
        "owner": "numtide",
        "repo": "flake-utils",
        "rev": "3db36a8b464d0c4532ba1c7dda728f4576d6d073",
        "type": "github"
      },
      "original": {
        "owner": "numtide",
        "repo": "flake-utils",
        "type": "github"
      }
    },
    "flake-utils_3": {
      "locked": {
        "lastModified": 1678901627,
        "narHash": "sha256-U02riOqrKKzwjsxc/400XnElV+UtPUQWpANPlyazjH0=",
        "owner": "numtide",
        "repo": "flake-utils",
        "rev": "93a2b84fc4b70d9e089d029deacc3583435c2ed6",
        "type": "github"
      },
      "original": {
        "owner": "numtide",
        "repo": "flake-utils",
        "type": "github"
      }
    },
    "flake-utils_4": {
      "inputs": {
        "systems": "systems_2"
      },
      "locked": {
        "lastModified": 1681202837,
        "narHash": "sha256-H+Rh19JDwRtpVPAWp64F+rlEtxUWBAQW28eAi3SRSzg=",
        "owner": "numtide",
        "repo": "flake-utils",
        "rev": "cfacdce06f30d2b68473a46042957675eebb3401",
        "type": "github"
      },
      "original": {
        "owner": "numtide",
        "repo": "flake-utils",
        "type": "github"
      }
    },
    "flake-utils_5": {
      "inputs": {
        "systems": "systems_3"
      },
      "locked": {
        "lastModified": 1681202837,
        "narHash": "sha256-H+Rh19JDwRtpVPAWp64F+rlEtxUWBAQW28eAi3SRSzg=",
        "owner": "numtide",
        "repo": "flake-utils",
        "rev": "cfacdce06f30d2b68473a46042957675eebb3401",
        "type": "github"
      },
      "original": {
        "owner": "numtide",
        "repo": "flake-utils",
        "type": "github"
      }
    },
    "flake-utils_6": {
      "locked": {
        "lastModified": 1676283394,
        "narHash": "sha256-XX2f9c3iySLCw54rJ/CZs+ZK6IQy7GXNY4nSOyu2QG4=",
        "owner": "numtide",
        "repo": "flake-utils",
        "rev": "3db36a8b464d0c4532ba1c7dda728f4576d6d073",
        "type": "github"
      },
      "original": {
        "owner": "numtide",
        "repo": "flake-utils",
        "type": "github"
      }
    },
    "home-manager": {
      "inputs": {
        "nixpkgs": "nixpkgs"
      },
      "locked": {
        "lastModified": 1682419509,
        "narHash": "sha256-+/HI3RbJcEKQ5+55dECzh8geginsbabsA0R3ORKi2Us=",
        "owner": "nix-community",
        "repo": "home-manager",
        "rev": "6142193635ecdafb9a231bd7d1880b9b7b210d19",
        "type": "github"
      },
      "original": {
        "owner": "nix-community",
        "repo": "home-manager",
        "type": "github"
      }
    },
    "https-server-proxy": {
      "inputs": {
        "flake-utils": "flake-utils_3",
        "nixpkgs": [
          "nixpkgs-stable"
        ]
      },
      "locked": {
        "lastModified": 1679874198,
        "narHash": "sha256-xBgKX/vMxGAUE0Af0fwnfDRlLpos/XHkUnxXYjZY+X4=",
        "owner": "emanueljg",
        "repo": "https-server-proxy",
        "rev": "91e7471f2d8e1b87e239db1bb20aa9ed6fccbbad",
        "type": "github"
      },
      "original": {
        "owner": "emanueljg",
        "repo": "https-server-proxy",
        "type": "github"
      }
    },
    "nil": {
      "inputs": {
        "flake-utils": "flake-utils_4",
        "nixpkgs": "nixpkgs_2",
        "rust-overlay": "rust-overlay"
      },
      "locked": {
        "lastModified": 1682153220,
        "narHash": "sha256-X3krco3KlQurKOolPT7neEEq9PXqb5Jb34GOj0iKc5k=",
        "owner": "oxalica",
        "repo": "nil",
        "rev": "9adf5a0152d79112e4415ac5501173dab398dbe6",
        "type": "github"
      },
      "original": {
        "owner": "oxalica",
        "repo": "nil",
        "type": "github"
      }
    },
    "nixpkgs": {
      "locked": {
        "lastModified": 1681920287,
        "narHash": "sha256-+/d6XQQfhhXVfqfLROJoqj3TuG38CAeoT6jO1g9r1k0=",
        "owner": "nixos",
        "repo": "nixpkgs",
        "rev": "645bc49f34fa8eff95479f0345ff57e55b53437e",
        "type": "github"
      },
      "original": {
        "owner": "nixos",
        "ref": "nixos-unstable",
        "repo": "nixpkgs",
        "type": "github"
      }
    },
    "nixpkgs-stable": {
      "locked": {
        "lastModified": 1682493015,
        "narHash": "sha256-KiMOAe8u83QDF40Z25kWMkZbqr9U+mvjvEJy5Qvw0nw=",
        "owner": "NixOS",
        "repo": "nixpkgs",
        "rev": "60c0f762658916a4a5b5a36b3e06486f8301daf4",
        "type": "github"
      },
      "original": {
        "owner": "NixOS",
        "ref": "nixos-22.11",
        "repo": "nixpkgs",
        "type": "github"
      }
    },
    "nixpkgs-stable_2": {
      "locked": {
        "lastModified": 1682173319,
        "narHash": "sha256-tPhOpJJ+wrWIusvGgIB2+x6ILfDkEgQMX0BTtM5vd/4=",
        "owner": "NixOS",
        "repo": "nixpkgs",
        "rev": "ee7ec1c71adc47d2e3c2d5eb0d6b8fbbd42a8d1c",
        "type": "github"
      },
      "original": {
        "owner": "NixOS",
        "ref": "release-22.11",
        "repo": "nixpkgs",
        "type": "github"
      }
    },
    "nixpkgs_2": {
      "locked": {
        "lastModified": 1682018913,
        "narHash": "sha256-Eo2ZkWB8+qy8fnmxtJUNJl6HHYYAgXDR29+OwDIzm1Q=",
        "owner": "nixos",
        "repo": "nixpkgs",
        "rev": "7048a48bc79b4361f77740420000d2b5454b0df7",
        "type": "github"
      },
      "original": {
        "owner": "nixos",
        "ref": "nixpkgs-unstable",
        "repo": "nixpkgs",
        "type": "github"
      }
    },
    "nixpkgs_3": {
      "locked": {
        "lastModified": 1682453498,
        "narHash": "sha256-WoWiAd7KZt5Eh6n+qojcivaVpnXKqBsVgpixpV2L9CE=",
        "owner": "NixOS",
        "repo": "nixpkgs",
        "rev": "c8018361fa1d1650ee8d4b96294783cf564e8a7f",
        "type": "github"
      },
      "original": {
        "owner": "NixOS",
        "ref": "nixos-unstable",
        "repo": "nixpkgs",
        "type": "github"
      }
    },
    "nodehill-home-page": {
      "inputs": {
        "flake-utils": "flake-utils_5",
        "nixpkgs": [
          "nixpkgs-stable"
        ]
      },
      "locked": {
        "lastModified": 1679865269,
        "narHash": "sha256-8lUcYR+DkD8KIOVC15cQh6N9XCpuq6au7psHjS7w0pQ=",
        "owner": "emanueljg",
        "repo": "nodehill-home-page",
        "rev": "06ca435c43600352fb12b34b38085e8785a29349",
        "type": "github"
      },
      "original": {
        "owner": "emanueljg",
        "ref": "php-and-mongodb",
        "repo": "nodehill-home-page",
        "type": "github"
      }
    },
    "papes": {
      "flake": false,
      "locked": {
        "lastModified": 1674127756,
        "narHash": "sha256-l1udx3XiBEczhAs+ACQXV6Wf/jWsZ8JuSd29a3FcvvM=",
        "owner": "emanueljg",
        "repo": "papes",
        "rev": "e65ed11b0f1799f652694a4abad55d6d1bc5a38a",
        "type": "github"
      },
      "original": {
        "owner": "emanueljg",
        "repo": "papes",
        "type": "github"
      }
    },
    "porkbun-ddns": {
      "inputs": {
        "flake-utils": "flake-utils_6",
        "nixpkgs": [
          "nixpkgs"
        ]
      },
      "locked": {
        "lastModified": 1677862748,
        "narHash": "sha256-8KG27/iQIRMV60/+xiSCR3VRiqFO0jpG9IPgV0s3V10=",
        "owner": "emanueljg",
        "repo": "porkbun-dynamic-dns-python",
        "rev": "929d6833923a54e87920bbfcc15163fa4e5955c2",
        "type": "github"
      },
      "original": {
        "owner": "emanueljg",
        "repo": "porkbun-dynamic-dns-python",
        "type": "github"
      }
    },
    "root": {
      "inputs": {
        "app1-infrastruktur": "app1-infrastruktur",
        "devop22": "devop22",
        "discordo": "discordo",
        "filmvisarna": "filmvisarna",
        "home-manager": "home-manager",
        "https-server-proxy": "https-server-proxy",
        "nil": "nil",
        "nixpkgs": "nixpkgs_3",
        "nixpkgs-stable": "nixpkgs-stable",
        "nodehill-home-page": "nodehill-home-page",
        "papes": "papes",
        "porkbun-ddns": "porkbun-ddns",
        "sops-nix": "sops-nix"
      }
    },
    "rust-overlay": {
      "inputs": {
        "flake-utils": [
          "nil",
          "flake-utils"
        ],
        "nixpkgs": [
          "nil",
          "nixpkgs"
        ]
      },
      "locked": {
        "lastModified": 1682043560,
        "narHash": "sha256-ZsF4Yee9pQbvLtwSVGgYux+az4yFSLXrxPyGHm3ptJM=",
        "owner": "oxalica",
        "repo": "rust-overlay",
        "rev": "48037a6f8faeee138ede96bf607bc95c9dab9aec",
        "type": "github"
      },
      "original": {
        "owner": "oxalica",
        "repo": "rust-overlay",
        "type": "github"
      }
    },
    "sops-nix": {
      "inputs": {
        "nixpkgs": [
          "nixpkgs"
        ],
        "nixpkgs-stable": "nixpkgs-stable_2"
      },
      "locked": {
        "lastModified": 1682338428,
        "narHash": "sha256-T7AL/Us6ecxowjMAlO77GETTQO2SO+1XX2+Y/OSfHk8=",
        "owner": "Mic92",
        "repo": "sops-nix",
        "rev": "7c8e9727a2ecf9994d4a63d577ad5327e933b6a4",
        "type": "github"
      },
      "original": {
        "owner": "Mic92",
        "repo": "sops-nix",
        "type": "github"
      }
    },
    "systems": {
      "locked": {
        "lastModified": 1681028828,
        "narHash": "sha256-Vy1rq5AaRuLzOxct8nz4T6wlgyUR7zLU309k9mBC768=",
        "owner": "nix-systems",
        "repo": "default",
        "rev": "da67096a3b9bf56a91d16901293e51ba5b49a27e",
        "type": "github"
      },
      "original": {
        "owner": "nix-systems",
        "repo": "default",
        "type": "github"
      }
    },
    "systems_2": {
      "locked": {
        "lastModified": 1681028828,
        "narHash": "sha256-Vy1rq5AaRuLzOxct8nz4T6wlgyUR7zLU309k9mBC768=",
        "owner": "nix-systems",
        "repo": "default",
        "rev": "da67096a3b9bf56a91d16901293e51ba5b49a27e",
        "type": "github"
      },
      "original": {
        "owner": "nix-systems",
        "repo": "default",
        "type": "github"
      }
    },
    "systems_3": {
      "locked": {
        "lastModified": 1681028828,
        "narHash": "sha256-Vy1rq5AaRuLzOxct8nz4T6wlgyUR7zLU309k9mBC768=",
        "owner": "nix-systems",
        "repo": "default",
        "rev": "da67096a3b9bf56a91d16901293e51ba5b49a27e",
        "type": "github"
      },
      "original": {
        "owner": "nix-systems",
        "repo": "default",
        "type": "github"
      }
    }
  },
  "root": "root",
  "version": 7
}
