{
  "nodes": {
    "configuranix": {
      "inputs": {
        "deploy-rs": "deploy-rs",
        "flake-parts": "flake-parts",
        "haumea": "haumea",
        "nixpkgs": "nixpkgs_3"
      },
      "locked": {
        "lastModified": 1724180703,
        "narHash": "sha256-onqqlaDEyt5GQ3Y6m+Tr1CEBgd7AIS5AvCnh2zZal2I=",
        "owner": "emanueljg",
        "repo": "configuranix",
        "rev": "431c3bc447937f46c5e1e8a247f77628254b125a",
        "type": "github"
      },
      "original": {
        "owner": "emanueljg",
        "repo": "configuranix",
        "type": "github"
      }
    },
    "deploy-rs": {
      "inputs": {
        "flake-compat": "flake-compat",
        "nixpkgs": "nixpkgs",
        "utils": "utils"
      },
      "locked": {
        "lastModified": 1718194053,
        "narHash": "sha256-FaGrf7qwZ99ehPJCAwgvNY5sLCqQ3GDiE/6uLhxxwSY=",
        "owner": "serokell",
        "repo": "deploy-rs",
        "rev": "3867348fa92bc892eba5d9ddb2d7a97b9e127a8a",
        "type": "github"
      },
      "original": {
        "owner": "serokell",
        "repo": "deploy-rs",
        "type": "github"
      }
    },
    "discordo": {
      "inputs": {
        "nixpkgs": "nixpkgs_4"
      },
      "locked": {
        "lastModified": 1714310130,
        "narHash": "sha256-Qgalhx4OoJzt66vpc0Ow92IaAUtTqUIfyTMsIVXcS68=",
        "owner": "emanueljg",
        "repo": "discordo",
        "rev": "832a6ee97181ca4a9a3a8ca2914ffe7b446449dd",
        "type": "github"
      },
      "original": {
        "owner": "emanueljg",
        "ref": "add-flake",
        "repo": "discordo",
        "type": "github"
      }
    },
    "disko": {
      "inputs": {
        "nixpkgs": [
          "nixpkgs"
        ]
      },
      "locked": {
        "lastModified": 1723685519,
        "narHash": "sha256-GkXQIoZmW2zCPp1YFtAYGg/xHNyFH/Mgm79lcs81rq0=",
        "owner": "nix-community",
        "repo": "disko",
        "rev": "276a0d055a720691912c6a34abb724e395c8e38a",
        "type": "github"
      },
      "original": {
        "owner": "nix-community",
        "repo": "disko",
        "type": "github"
      }
    },
    "f5fpc": {
      "inputs": {
        "flake-parts": "flake-parts_2",
        "nixpkgs": [
          "nixpkgs"
        ]
      },
      "locked": {
        "lastModified": 1698763056,
        "narHash": "sha256-iLtHlqsfD5088fnRINEca81KaQcrPI/MU1eIU56rNDs=",
        "owner": "emanueljg",
        "repo": "f5fpc-nix",
        "rev": "a0728d2004f6ade05427593c3f072d9398659417",
        "type": "github"
      },
      "original": {
        "owner": "emanueljg",
        "repo": "f5fpc-nix",
        "type": "github"
      }
    },
    "flake-compat": {
      "flake": false,
      "locked": {
        "lastModified": 1696426674,
        "narHash": "sha256-kvjfFW7WAETZlt09AgDn1MrtKzP7t90Vf7vypd3OL1U=",
        "owner": "edolstra",
        "repo": "flake-compat",
        "rev": "0f9255e01c2351cc7d116c072cb317785dd33b33",
        "type": "github"
      },
      "original": {
        "owner": "edolstra",
        "repo": "flake-compat",
        "type": "github"
      }
    },
    "flake-compat_2": {
      "flake": false,
      "locked": {
        "lastModified": 1696426674,
        "narHash": "sha256-kvjfFW7WAETZlt09AgDn1MrtKzP7t90Vf7vypd3OL1U=",
        "owner": "edolstra",
        "repo": "flake-compat",
        "rev": "0f9255e01c2351cc7d116c072cb317785dd33b33",
        "type": "github"
      },
      "original": {
        "owner": "edolstra",
        "repo": "flake-compat",
        "type": "github"
      }
    },
    "flake-compat_3": {
      "flake": false,
      "locked": {
        "lastModified": 1696426674,
        "narHash": "sha256-kvjfFW7WAETZlt09AgDn1MrtKzP7t90Vf7vypd3OL1U=",
        "owner": "edolstra",
        "repo": "flake-compat",
        "rev": "0f9255e01c2351cc7d116c072cb317785dd33b33",
        "type": "github"
      },
      "original": {
        "owner": "edolstra",
        "repo": "flake-compat",
        "type": "github"
      }
    },
    "flake-parts": {
      "inputs": {
        "nixpkgs-lib": "nixpkgs-lib"
      },
      "locked": {
        "lastModified": 1717285511,
        "narHash": "sha256-iKzJcpdXih14qYVcZ9QC9XuZYnPc6T8YImb6dX166kw=",
        "owner": "hercules-ci",
        "repo": "flake-parts",
        "rev": "2a55567fcf15b1b1c7ed712a2c6fadaec7412ea8",
        "type": "github"
      },
      "original": {
        "owner": "hercules-ci",
        "repo": "flake-parts",
        "type": "github"
      }
    },
    "flake-parts_2": {
      "inputs": {
        "nixpkgs-lib": "nixpkgs-lib_2"
      },
      "locked": {
        "lastModified": 1698579227,
        "narHash": "sha256-KVWjFZky+gRuWennKsbo6cWyo7c/z/VgCte5pR9pEKg=",
        "owner": "hercules-ci",
        "repo": "flake-parts",
        "rev": "f76e870d64779109e41370848074ac4eaa1606ec",
        "type": "github"
      },
      "original": {
        "id": "flake-parts",
        "type": "indirect"
      }
    },
    "flake-parts_3": {
      "inputs": {
        "nixpkgs-lib": "nixpkgs-lib_3"
      },
      "locked": {
        "lastModified": 1722555600,
        "narHash": "sha256-XOQkdLafnb/p9ij77byFQjDf5m5QYl9b2REiVClC+x4=",
        "owner": "hercules-ci",
        "repo": "flake-parts",
        "rev": "8471fe90ad337a8074e957b69ca4d0089218391d",
        "type": "github"
      },
      "original": {
        "id": "flake-parts",
        "type": "indirect"
      }
    },
    "flake-parts_4": {
      "inputs": {
        "nixpkgs-lib": "nixpkgs-lib_4"
      },
      "locked": {
        "lastModified": 1722555600,
        "narHash": "sha256-XOQkdLafnb/p9ij77byFQjDf5m5QYl9b2REiVClC+x4=",
        "owner": "hercules-ci",
        "repo": "flake-parts",
        "rev": "8471fe90ad337a8074e957b69ca4d0089218391d",
        "type": "github"
      },
      "original": {
        "owner": "hercules-ci",
        "repo": "flake-parts",
        "type": "github"
      }
    },
    "flake-utils": {
      "locked": {
        "lastModified": 1659877975,
        "narHash": "sha256-zllb8aq3YO3h8B/U0/J1WBgAL8EX5yWf5pMj3G0NAmc=",
        "owner": "numtide",
        "repo": "flake-utils",
        "rev": "c0e246b9b83f637f4681389ecabcb2681b4f3af0",
        "type": "github"
      },
      "original": {
        "owner": "numtide",
        "repo": "flake-utils",
        "type": "github"
      }
    },
    "gitignore": {
      "inputs": {
        "nixpkgs": [
          "pre-commit-hooks",
          "nixpkgs"
        ]
      },
      "locked": {
        "lastModified": 1709087332,
        "narHash": "sha256-HG2cCnktfHsKV0s4XW83gU3F57gaTljL9KNSuG6bnQs=",
        "owner": "hercules-ci",
        "repo": "gitignore.nix",
        "rev": "637db329424fd7e46cf4185293b9cc8c88c95394",
        "type": "github"
      },
      "original": {
        "owner": "hercules-ci",
        "repo": "gitignore.nix",
        "type": "github"
      }
    },
    "gitignore_2": {
      "inputs": {
        "nixpkgs": [
          "yt-dlp-web-ui",
          "pre-commit-hooks-nix",
          "nixpkgs"
        ]
      },
      "locked": {
        "lastModified": 1709087332,
        "narHash": "sha256-HG2cCnktfHsKV0s4XW83gU3F57gaTljL9KNSuG6bnQs=",
        "owner": "hercules-ci",
        "repo": "gitignore.nix",
        "rev": "637db329424fd7e46cf4185293b9cc8c88c95394",
        "type": "github"
      },
      "original": {
        "owner": "hercules-ci",
        "repo": "gitignore.nix",
        "type": "github"
      }
    },
    "haumea": {
      "inputs": {
        "nixpkgs": "nixpkgs_2"
      },
      "locked": {
        "lastModified": 1708375098,
        "narHash": "sha256-DaFJp3wDHgOqx98U0SF57bXaH2Orp106c+jSdPCVu1E=",
        "owner": "nix-community",
        "repo": "haumea",
        "rev": "ec6350fd9353e7f27ce0e85d31f82e3ed73e4d70",
        "type": "github"
      },
      "original": {
        "owner": "nix-community",
        "repo": "haumea",
        "type": "github"
      }
    },
    "home-manager": {
      "inputs": {
        "nixpkgs": [
          "nixpkgs-unstable"
        ]
      },
      "locked": {
        "lastModified": 1723399884,
        "narHash": "sha256-97wn0ihhGqfMb8WcUgzzkM/TuAxce2Gd20A8oiruju4=",
        "owner": "nix-community",
        "repo": "home-manager",
        "rev": "086f619dd991a4d355c07837448244029fc2d9ab",
        "type": "github"
      },
      "original": {
        "owner": "nix-community",
        "repo": "home-manager",
        "type": "github"
      }
    },
    "hy3": {
      "inputs": {
        "hyprland": [
          "hyprland"
        ]
      },
      "locked": {
        "lastModified": 1713130684,
        "narHash": "sha256-emCvFpKrwlP7SSAVJPVin9/clH+4cXds6ugUklGaveE=",
        "owner": "tuxx",
        "repo": "hy3",
        "rev": "e778b71f3a89f3d69efa4a3e8aff3d5ca585f49f",
        "type": "github"
      },
      "original": {
        "owner": "tuxx",
        "ref": "patch-1",
        "repo": "hy3",
        "type": "github"
      }
    },
    "hyprcursor": {
      "inputs": {
        "hyprlang": [
          "hyprland",
          "hyprlang"
        ],
        "nixpkgs": [
          "hyprland",
          "nixpkgs"
        ],
        "systems": [
          "hyprland",
          "systems"
        ]
      },
      "locked": {
        "lastModified": 1713214463,
        "narHash": "sha256-zAOOjqHAbccCRgJSuvTCA0FNLqKswN63LgVo43R7pxw=",
        "owner": "hyprwm",
        "repo": "hyprcursor",
        "rev": "0a53b9957f0b17f1a0036b25198f569969ad43a0",
        "type": "github"
      },
      "original": {
        "owner": "hyprwm",
        "repo": "hyprcursor",
        "type": "github"
      }
    },
    "hyprland": {
      "inputs": {
        "hyprcursor": "hyprcursor",
        "hyprland-protocols": "hyprland-protocols",
        "hyprlang": "hyprlang",
        "nixpkgs": "nixpkgs_5",
        "systems": "systems_2",
        "wlroots": "wlroots",
        "xdph": "xdph"
      },
      "locked": {
        "lastModified": 1713283263,
        "narHash": "sha256-Urb/njWiHYUudXpmK8EKl9Z58esTIG0PxXw5LuM2r5g=",
        "owner": "hyprwm",
        "repo": "Hyprland",
        "rev": "fe7b748eb668136dd0558b7c8279bfcd7ab4d759",
        "type": "github"
      },
      "original": {
        "owner": "hyprwm",
        "ref": "v0.39.1",
        "repo": "Hyprland",
        "type": "github"
      }
    },
    "hyprland-protocols": {
      "inputs": {
        "nixpkgs": [
          "hyprland",
          "nixpkgs"
        ],
        "systems": [
          "hyprland",
          "systems"
        ]
      },
      "locked": {
        "lastModified": 1691753796,
        "narHash": "sha256-zOEwiWoXk3j3+EoF3ySUJmberFewWlagvewDRuWYAso=",
        "owner": "hyprwm",
        "repo": "hyprland-protocols",
        "rev": "0c2ce70625cb30aef199cb388f99e19a61a6ce03",
        "type": "github"
      },
      "original": {
        "owner": "hyprwm",
        "repo": "hyprland-protocols",
        "type": "github"
      }
    },
    "hyprlang": {
      "inputs": {
        "nixpkgs": [
          "hyprland",
          "nixpkgs"
        ],
        "systems": [
          "hyprland",
          "systems"
        ]
      },
      "locked": {
        "lastModified": 1713121246,
        "narHash": "sha256-502X0Q0fhN6tJK7iEUA8CghONKSatW/Mqj4Wappd++0=",
        "owner": "hyprwm",
        "repo": "hyprlang",
        "rev": "78fcaa27ae9e1d782faa3ff06c8ea55ddce63706",
        "type": "github"
      },
      "original": {
        "owner": "hyprwm",
        "repo": "hyprlang",
        "type": "github"
      }
    },
    "nh": {
      "inputs": {
        "nixpkgs": [
          "nixpkgs"
        ]
      },
      "locked": {
        "lastModified": 1723753423,
        "narHash": "sha256-ULsoflnTS634565jqT1IXwHzISwcphLBq+YJYL7/p/Y=",
        "owner": "viperML",
        "repo": "nh",
        "rev": "24d7b24f567ef3345ac267f61579df291e42bd71",
        "type": "github"
      },
      "original": {
        "owner": "viperML",
        "repo": "nh",
        "type": "github"
      }
    },
    "nixGL": {
      "inputs": {
        "flake-utils": "flake-utils",
        "nixpkgs": "nixpkgs_6"
      },
      "locked": {
        "lastModified": 1713543440,
        "narHash": "sha256-lnzZQYG0+EXl/6NkGpyIz+FEOc/DSEG57AP1VsdeNrM=",
        "owner": "nix-community",
        "repo": "nixGL",
        "rev": "310f8e49a149e4c9ea52f1adf70cdc768ec53f8a",
        "type": "github"
      },
      "original": {
        "owner": "nix-community",
        "repo": "nixGL",
        "type": "github"
      }
    },
    "nixos-hardware": {
      "locked": {
        "lastModified": 1723310128,
        "narHash": "sha256-IiH8jG6PpR4h9TxSGMYh+2/gQiJW9MwehFvheSb5rPc=",
        "owner": "NixOS",
        "repo": "nixos-hardware",
        "rev": "c54cf53e022b0b3c1d3b8207aa0f9b194c24f0cf",
        "type": "github"
      },
      "original": {
        "owner": "NixOS",
        "repo": "nixos-hardware",
        "type": "github"
      }
    },
    "nixos-unstable": {
      "locked": {
        "lastModified": 1723637854,
        "narHash": "sha256-med8+5DSWa2UnOqtdICndjDAEjxr5D7zaIiK4pn0Q7c=",
        "owner": "NixOS",
        "repo": "nixpkgs",
        "rev": "c3aa7b8938b17aebd2deecf7be0636000d62a2b9",
        "type": "github"
      },
      "original": {
        "owner": "NixOS",
        "ref": "nixos-unstable",
        "repo": "nixpkgs",
        "type": "github"
      }
    },
    "nixpkgs": {
      "locked": {
        "lastModified": 1702272962,
        "narHash": "sha256-D+zHwkwPc6oYQ4G3A1HuadopqRwUY/JkMwHz1YF7j4Q=",
        "owner": "NixOS",
        "repo": "nixpkgs",
        "rev": "e97b3e4186bcadf0ef1b6be22b8558eab1cdeb5d",
        "type": "github"
      },
      "original": {
        "owner": "NixOS",
        "ref": "nixpkgs-unstable",
        "repo": "nixpkgs",
        "type": "github"
      }
    },
    "nixpkgs-lib": {
      "locked": {
        "lastModified": 1717284937,
        "narHash": "sha256-lIbdfCsf8LMFloheeE6N31+BMIeixqyQWbSr2vk79EQ=",
        "type": "tarball",
        "url": "https://github.com/NixOS/nixpkgs/archive/eb9ceca17df2ea50a250b6b27f7bf6ab0186f198.tar.gz"
      },
      "original": {
        "type": "tarball",
        "url": "https://github.com/NixOS/nixpkgs/archive/eb9ceca17df2ea50a250b6b27f7bf6ab0186f198.tar.gz"
      }
    },
    "nixpkgs-lib_2": {
      "locked": {
        "dir": "lib",
        "lastModified": 1696019113,
        "narHash": "sha256-X3+DKYWJm93DRSdC5M6K5hLqzSya9BjibtBsuARoPco=",
        "owner": "NixOS",
        "repo": "nixpkgs",
        "rev": "f5892ddac112a1e9b3612c39af1b72987ee5783a",
        "type": "github"
      },
      "original": {
        "dir": "lib",
        "owner": "NixOS",
        "ref": "nixos-unstable",
        "repo": "nixpkgs",
        "type": "github"
      }
    },
    "nixpkgs-lib_3": {
      "locked": {
        "lastModified": 1722555339,
        "narHash": "sha256-uFf2QeW7eAHlYXuDktm9c25OxOyCoUOQmh5SZ9amE5Q=",
        "type": "tarball",
        "url": "https://github.com/NixOS/nixpkgs/archive/a5d394176e64ab29c852d03346c1fc9b0b7d33eb.tar.gz"
      },
      "original": {
        "type": "tarball",
        "url": "https://github.com/NixOS/nixpkgs/archive/a5d394176e64ab29c852d03346c1fc9b0b7d33eb.tar.gz"
      }
    },
    "nixpkgs-lib_4": {
      "locked": {
        "lastModified": 1722555339,
        "narHash": "sha256-uFf2QeW7eAHlYXuDktm9c25OxOyCoUOQmh5SZ9amE5Q=",
        "type": "tarball",
        "url": "https://github.com/NixOS/nixpkgs/archive/a5d394176e64ab29c852d03346c1fc9b0b7d33eb.tar.gz"
      },
      "original": {
        "type": "tarball",
        "url": "https://github.com/NixOS/nixpkgs/archive/a5d394176e64ab29c852d03346c1fc9b0b7d33eb.tar.gz"
      }
    },
    "nixpkgs-stable": {
      "locked": {
        "lastModified": 1720386169,
        "narHash": "sha256-NGKVY4PjzwAa4upkGtAMz1npHGoRzWotlSnVlqI40mo=",
        "owner": "NixOS",
        "repo": "nixpkgs",
        "rev": "194846768975b7ad2c4988bdb82572c00222c0d7",
        "type": "github"
      },
      "original": {
        "owner": "NixOS",
        "ref": "nixos-24.05",
        "repo": "nixpkgs",
        "type": "github"
      }
    },
    "nixpkgs-stable_2": {
      "locked": {
        "lastModified": 1721524707,
        "narHash": "sha256-5NctRsoE54N86nWd0psae70YSLfrOek3Kv1e8KoXe/0=",
        "owner": "NixOS",
        "repo": "nixpkgs",
        "rev": "556533a23879fc7e5f98dd2e0b31a6911a213171",
        "type": "github"
      },
      "original": {
        "owner": "NixOS",
        "ref": "release-24.05",
        "repo": "nixpkgs",
        "type": "github"
      }
    },
    "nixpkgs-stable_3": {
      "locked": {
        "lastModified": 1720386169,
        "narHash": "sha256-NGKVY4PjzwAa4upkGtAMz1npHGoRzWotlSnVlqI40mo=",
        "owner": "NixOS",
        "repo": "nixpkgs",
        "rev": "194846768975b7ad2c4988bdb82572c00222c0d7",
        "type": "github"
      },
      "original": {
        "owner": "NixOS",
        "ref": "nixos-24.05",
        "repo": "nixpkgs",
        "type": "github"
      }
    },
    "nixpkgs-unstable": {
      "locked": {
        "lastModified": 1723703277,
        "narHash": "sha256-nk0RaUB5f68BwtXAYy3WAjqFhVKqIl9Z89RGycTa2vk=",
        "owner": "NixOS",
        "repo": "nixpkgs",
        "rev": "8b908192e64224420e2d59dfd9b2e4309e154c5d",
        "type": "github"
      },
      "original": {
        "owner": "NixOS",
        "ref": "nixpkgs-unstable",
        "repo": "nixpkgs",
        "type": "github"
      }
    },
    "nixpkgs_2": {
      "locked": {
        "lastModified": 1681001314,
        "narHash": "sha256-5sDnCLdrKZqxLPK4KA8+f4A3YKO/u6ElpMILvX0g72c=",
        "owner": "nix-community",
        "repo": "nixpkgs.lib",
        "rev": "367c0e1086a4eb4502b24d872cea2c7acdd557f4",
        "type": "github"
      },
      "original": {
        "owner": "nix-community",
        "repo": "nixpkgs.lib",
        "type": "github"
      }
    },
    "nixpkgs_3": {
      "locked": {
        "lastModified": 1717602782,
        "narHash": "sha256-pL9jeus5QpX5R+9rsp3hhZ+uplVHscNJh8n8VpqscM0=",
        "owner": "NixOS",
        "repo": "nixpkgs",
        "rev": "e8057b67ebf307f01bdcc8fba94d94f75039d1f6",
        "type": "github"
      },
      "original": {
        "owner": "NixOS",
        "ref": "nixos-unstable",
        "repo": "nixpkgs",
        "type": "github"
      }
    },
    "nixpkgs_4": {
      "locked": {
        "lastModified": 1714076141,
        "narHash": "sha256-Drmja/f5MRHZCskS6mvzFqxEaZMeciScCTFxWVLqWEY=",
        "owner": "NixOS",
        "repo": "nixpkgs",
        "rev": "7bb2ccd8cdc44c91edba16c48d2c8f331fb3d856",
        "type": "github"
      },
      "original": {
        "owner": "NixOS",
        "ref": "nixos-unstable",
        "repo": "nixpkgs",
        "type": "github"
      }
    },
    "nixpkgs_5": {
      "locked": {
        "lastModified": 1712963716,
        "narHash": "sha256-WKm9CvgCldeIVvRz87iOMi8CFVB1apJlkUT4GGvA0iM=",
        "owner": "NixOS",
        "repo": "nixpkgs",
        "rev": "cfd6b5fc90b15709b780a5a1619695a88505a176",
        "type": "github"
      },
      "original": {
        "owner": "NixOS",
        "ref": "nixos-unstable",
        "repo": "nixpkgs",
        "type": "github"
      }
    },
    "nixpkgs_6": {
      "locked": {
        "lastModified": 1660551188,
        "narHash": "sha256-a1LARMMYQ8DPx1BgoI/UN4bXe12hhZkCNqdxNi6uS0g=",
        "owner": "nixos",
        "repo": "nixpkgs",
        "rev": "441dc5d512153039f19ef198e662e4f3dbb9fd65",
        "type": "github"
      },
      "original": {
        "owner": "nixos",
        "repo": "nixpkgs",
        "type": "github"
      }
    },
    "nixpkgs_7": {
      "locked": {
        "lastModified": 1723688146,
        "narHash": "sha256-sqLwJcHYeWLOeP/XoLwAtYjr01TISlkOfz+NG82pbdg=",
        "owner": "NixOS",
        "repo": "nixpkgs",
        "rev": "c3d4ac725177c030b1e289015989da2ad9d56af0",
        "type": "github"
      },
      "original": {
        "owner": "NixOS",
        "ref": "nixos-24.05",
        "repo": "nixpkgs",
        "type": "github"
      }
    },
    "nixpkgs_8": {
      "locked": {
        "lastModified": 1723637854,
        "narHash": "sha256-med8+5DSWa2UnOqtdICndjDAEjxr5D7zaIiK4pn0Q7c=",
        "owner": "NixOS",
        "repo": "nixpkgs",
        "rev": "c3aa7b8938b17aebd2deecf7be0636000d62a2b9",
        "type": "github"
      },
      "original": {
        "owner": "NixOS",
        "ref": "nixos-unstable",
        "repo": "nixpkgs",
        "type": "github"
      }
    },
    "nixpkgs_9": {
      "locked": {
        "lastModified": 1719082008,
        "narHash": "sha256-jHJSUH619zBQ6WdC21fFAlDxHErKVDJ5fpN0Hgx4sjs=",
        "owner": "NixOS",
        "repo": "nixpkgs",
        "rev": "9693852a2070b398ee123a329e68f0dab5526681",
        "type": "github"
      },
      "original": {
        "owner": "NixOS",
        "ref": "nixpkgs-unstable",
        "repo": "nixpkgs",
        "type": "github"
      }
    },
    "papes": {
      "flake": false,
      "locked": {
        "lastModified": 1695467487,
        "narHash": "sha256-V5GTRA0jugFBEefilib2rnwazSeJ5kmY8+NbGB0Rv/s=",
        "owner": "emanueljg",
        "repo": "papes",
        "rev": "710834a21089a1dfea2ff86d12484c0c718802d8",
        "type": "github"
      },
      "original": {
        "owner": "emanueljg",
        "repo": "papes",
        "type": "github"
      }
    },
    "pre-commit-hooks": {
      "inputs": {
        "flake-compat": "flake-compat_2",
        "gitignore": "gitignore",
        "nixpkgs": [
          "nixpkgs"
        ],
        "nixpkgs-stable": "nixpkgs-stable"
      },
      "locked": {
        "lastModified": 1723803910,
        "narHash": "sha256-yezvUuFiEnCFbGuwj/bQcqg7RykIEqudOy/RBrId0pc=",
        "owner": "cachix",
        "repo": "pre-commit-hooks.nix",
        "rev": "bfef0ada09e2c8ac55bbcd0831bd0c9d42e651ba",
        "type": "github"
      },
      "original": {
        "owner": "cachix",
        "repo": "pre-commit-hooks.nix",
        "type": "github"
      }
    },
    "pre-commit-hooks-nix": {
      "inputs": {
        "flake-compat": "flake-compat_3",
        "gitignore": "gitignore_2",
        "nixpkgs": "nixpkgs_9",
        "nixpkgs-stable": "nixpkgs-stable_3"
      },
      "locked": {
        "lastModified": 1724159077,
        "narHash": "sha256-AddE0u6WbA5R7uxumw1Ka0oG5dv3cTtN0ppO/M/e0cg=",
        "owner": "cachix",
        "repo": "pre-commit-hooks.nix",
        "rev": "1064a45e81a4e19cda98741b71219d9f4f136900",
        "type": "github"
      },
      "original": {
        "owner": "cachix",
        "repo": "pre-commit-hooks.nix",
        "type": "github"
      }
    },
    "root": {
      "inputs": {
        "configuranix": "configuranix",
        "discordo": "discordo",
        "disko": "disko",
        "f5fpc": "f5fpc",
        "flake-parts": "flake-parts_3",
        "home-manager": "home-manager",
        "hy3": "hy3",
        "hyprland": "hyprland",
        "nh": "nh",
        "nixGL": "nixGL",
        "nixos-hardware": "nixos-hardware",
        "nixos-unstable": "nixos-unstable",
        "nixpkgs": "nixpkgs_7",
        "nixpkgs-unstable": "nixpkgs-unstable",
        "papes": "papes",
        "pre-commit-hooks": "pre-commit-hooks",
        "sops-nix": "sops-nix",
        "yt-dlp-web-ui": "yt-dlp-web-ui"
      }
    },
    "sops-nix": {
      "inputs": {
        "nixpkgs": [
          "nixpkgs"
        ],
        "nixpkgs-stable": "nixpkgs-stable_2"
      },
      "locked": {
        "lastModified": 1723501126,
        "narHash": "sha256-N9IcHgj/p1+2Pvk8P4Zc1bfrMwld5PcosVA0nL6IGdE=",
        "owner": "Mic92",
        "repo": "sops-nix",
        "rev": "be0eec2d27563590194a9206f551a6f73d52fa34",
        "type": "github"
      },
      "original": {
        "owner": "Mic92",
        "repo": "sops-nix",
        "type": "github"
      }
    },
    "systems": {
      "locked": {
        "lastModified": 1681028828,
        "narHash": "sha256-Vy1rq5AaRuLzOxct8nz4T6wlgyUR7zLU309k9mBC768=",
        "owner": "nix-systems",
        "repo": "default",
        "rev": "da67096a3b9bf56a91d16901293e51ba5b49a27e",
        "type": "github"
      },
      "original": {
        "owner": "nix-systems",
        "repo": "default",
        "type": "github"
      }
    },
    "systems_2": {
      "locked": {
        "lastModified": 1689347949,
        "narHash": "sha256-12tWmuL2zgBgZkdoB6qXZsgJEH9LR3oUgpaQq2RbI80=",
        "owner": "nix-systems",
        "repo": "default-linux",
        "rev": "31732fcf5e8fea42e59c2488ad31a0e651500f68",
        "type": "github"
      },
      "original": {
        "owner": "nix-systems",
        "repo": "default-linux",
        "type": "github"
      }
    },
    "utils": {
      "inputs": {
        "systems": "systems"
      },
      "locked": {
        "lastModified": 1701680307,
        "narHash": "sha256-kAuep2h5ajznlPMD9rnQyffWG8EM/C73lejGofXvdM8=",
        "owner": "numtide",
        "repo": "flake-utils",
        "rev": "4022d587cbbfd70fe950c1e2083a02621806a725",
        "type": "github"
      },
      "original": {
        "owner": "numtide",
        "repo": "flake-utils",
        "type": "github"
      }
    },
    "wlroots": {
      "flake": false,
      "locked": {
        "lastModified": 1713124002,
        "narHash": "sha256-vPeZCY+sdiGsz4fl3AVVujfyZyQBz6+vZdkUE4hQ+HI=",
        "owner": "hyprwm",
        "repo": "wlroots-hyprland",
        "rev": "611a4f24cd2384378f6e500253983107c6656c64",
        "type": "github"
      },
      "original": {
        "owner": "hyprwm",
        "repo": "wlroots-hyprland",
        "rev": "611a4f24cd2384378f6e500253983107c6656c64",
        "type": "github"
      }
    },
    "xdph": {
      "inputs": {
        "hyprland-protocols": [
          "hyprland",
          "hyprland-protocols"
        ],
        "hyprlang": [
          "hyprland",
          "hyprlang"
        ],
        "nixpkgs": [
          "hyprland",
          "nixpkgs"
        ],
        "systems": [
          "hyprland",
          "systems"
        ]
      },
      "locked": {
        "lastModified": 1713214484,
        "narHash": "sha256-h1bSIsDuPk1FGgvTuSHJyiU2Glu7oAyoPMJutKZmLQ8=",
        "owner": "hyprwm",
        "repo": "xdg-desktop-portal-hyprland",
        "rev": "bb44921534a9cee9635304fdb876c1b3ec3a8f61",
        "type": "github"
      },
      "original": {
        "owner": "hyprwm",
        "repo": "xdg-desktop-portal-hyprland",
        "type": "github"
      }
    },
    "yt-dlp-web-ui": {
      "inputs": {
        "flake-parts": "flake-parts_4",
        "nixpkgs": "nixpkgs_8",
        "pre-commit-hooks-nix": "pre-commit-hooks-nix"
      },
      "locked": {
        "lastModified": 1724179692,
        "narHash": "sha256-nZfYMoPz2lxFn0jRURyKZXqc0/PPNiB/CibH2XaEhA0=",
        "owner": "emanueljg",
        "repo": "yt-dlp-web-ui",
        "rev": "58f6c3c0fac746e906f44dd366430072b6b815ef",
        "type": "github"
      },
      "original": {
        "owner": "emanueljg",
        "ref": "add-nix",
        "repo": "yt-dlp-web-ui",
        "type": "github"
      }
    }
  },
  "root": "root",
  "version": 7
}
