{
  "nodes": {
    "bandcamp-artist-dl": {
      "inputs": {
        "flake-parts": "flake-parts",
        "nix2jobs": "nix2jobs",
        "nixpkgs": [
          "nixpkgs"
        ]
      },
      "locked": {
        "lastModified": 1692289256,
        "narHash": "sha256-Dp66FvB4W6je00gWdYMW3Fkgtq6kP+wadcoCa7ZCpfo=",
        "path": "/home/ejg/bandcamp-artist-dl",
        "type": "path"
      },
      "original": {
        "path": "/home/ejg/bandcamp-artist-dl",
        "type": "path"
      }
    },
    "discordo": {
      "inputs": {
        "nixpkgs": [
          "nixpkgs"
        ]
      },
      "locked": {
        "lastModified": 1685987369,
        "narHash": "sha256-ckoFx+qeGxDCF/XbKBU1mJukpOaaaID2+/DneiFfKy0=",
        "owner": "emanueljg",
        "repo": "discordo",
        "rev": "f13cc869d37baddedae343d9d065e18b2dca5b3a",
        "type": "github"
      },
      "original": {
        "owner": "emanueljg",
        "repo": "discordo",
        "type": "github"
      }
    },
    "flake-parts": {
      "inputs": {
        "nixpkgs-lib": "nixpkgs-lib"
      },
      "locked": {
        "lastModified": 1690933134,
        "narHash": "sha256-ab989mN63fQZBFrkk4Q8bYxQCktuHmBIBqUG1jl6/FQ=",
        "owner": "hercules-ci",
        "repo": "flake-parts",
        "rev": "59cf3f1447cfc75087e7273b04b31e689a8599fb",
        "type": "github"
      },
      "original": {
        "owner": "hercules-ci",
        "repo": "flake-parts",
        "type": "github"
      }
    },
    "flake-parts_2": {
      "inputs": {
        "nixpkgs-lib": "nixpkgs-lib_2"
      },
      "locked": {
        "lastModified": 1690933134,
        "narHash": "sha256-ab989mN63fQZBFrkk4Q8bYxQCktuHmBIBqUG1jl6/FQ=",
        "owner": "hercules-ci",
        "repo": "flake-parts",
        "rev": "59cf3f1447cfc75087e7273b04b31e689a8599fb",
        "type": "github"
      },
      "original": {
        "owner": "hercules-ci",
        "repo": "flake-parts",
        "type": "github"
      }
    },
    "home-manager": {
      "inputs": {
        "nixpkgs": [
          "nixpkgs-stable"
        ]
      },
      "locked": {
        "lastModified": 1685395684,
        "narHash": "sha256-XUUWE5XJiGZ2Wi+Mxv/mIwKYDPEC8gYHkHyT3+/sciY=",
        "owner": "nix-community",
        "repo": "home-manager",
        "rev": "43ed7048f670661d1ae2ea0d2f7655e87e7b0461",
        "type": "github"
      },
      "original": {
        "owner": "nix-community",
        "repo": "home-manager",
        "type": "github"
      }
    },
    "nix2jobs": {
      "inputs": {
        "flake-parts": "flake-parts_2",
        "nixpkgs": "nixpkgs",
        "nixpkgs-lib": "nixpkgs-lib_3"
      },
      "locked": {
        "lastModified": 1692279886,
        "narHash": "sha256-Nk+la6mUMzGwBPSZCNk4oiSxogMP4Xra80HM1AT4esY=",
        "path": "/home/ejg/nix2jobs",
        "type": "path"
      },
      "original": {
        "path": "/home/ejg/nix2jobs",
        "type": "path"
      }
    },
    "nixpkgs": {
      "locked": {
        "lastModified": 1690835256,
        "narHash": "sha256-SZy/Nvwbf6CorhEsvmjqgjoYNLnRfaKVZMfSnpUDPnc=",
        "owner": "NixOS",
        "repo": "nixpkgs",
        "rev": "b7cde1c47b7316f6138a2b36ef6627f3d16d645c",
        "type": "github"
      },
      "original": {
        "owner": "NixOS",
        "ref": "nixos-23.05",
        "repo": "nixpkgs",
        "type": "github"
      }
    },
    "nixpkgs-lib": {
      "locked": {
        "dir": "lib",
        "lastModified": 1690881714,
        "narHash": "sha256-h/nXluEqdiQHs1oSgkOOWF+j8gcJMWhwnZ9PFabN6q0=",
        "owner": "NixOS",
        "repo": "nixpkgs",
        "rev": "9e1960bc196baf6881340d53dccb203a951745a2",
        "type": "github"
      },
      "original": {
        "dir": "lib",
        "owner": "NixOS",
        "ref": "nixos-unstable",
        "repo": "nixpkgs",
        "type": "github"
      }
    },
    "nixpkgs-lib_2": {
      "locked": {
        "dir": "lib",
        "lastModified": 1690881714,
        "narHash": "sha256-h/nXluEqdiQHs1oSgkOOWF+j8gcJMWhwnZ9PFabN6q0=",
        "owner": "NixOS",
        "repo": "nixpkgs",
        "rev": "9e1960bc196baf6881340d53dccb203a951745a2",
        "type": "github"
      },
      "original": {
        "dir": "lib",
        "owner": "NixOS",
        "ref": "nixos-unstable",
        "repo": "nixpkgs",
        "type": "github"
      }
    },
    "nixpkgs-lib_3": {
      "locked": {
        "dir": "lib",
        "lastModified": 1692174805,
        "narHash": "sha256-xmNPFDi/AUMIxwgOH/IVom55Dks34u1g7sFKKebxUm0=",
        "owner": "NixOS",
        "repo": "nixpkgs",
        "rev": "caac0eb6bdcad0b32cb2522e03e4002c8975c62e",
        "type": "github"
      },
      "original": {
        "dir": "lib",
        "owner": "NixOS",
        "ref": "nixos-unstable",
        "repo": "nixpkgs",
        "type": "github"
      }
    },
    "nixpkgs-stable": {
      "locked": {
        "lastModified": 1685314633,
        "narHash": "sha256-8LXBPqTQXl5ofkjpJ18JcbmLJ/lWDoMxtUwiDYv0wro=",
        "owner": "NixOS",
        "repo": "nixpkgs",
        "rev": "c8a17ce7abc03c50cd072e9e6c9b389c5f61836b",
        "type": "github"
      },
      "original": {
        "owner": "NixOS",
        "ref": "nixos-22.11",
        "repo": "nixpkgs",
        "type": "github"
      }
    },
    "nixpkgs-stable_2": {
      "locked": {
        "lastModified": 1685215858,
        "narHash": "sha256-IRMFoDXA6cYx3ifVw3B2JcC4JrjT5v7tRAx2vro2Ffs=",
        "owner": "NixOS",
        "repo": "nixpkgs",
        "rev": "ba6e4ddeb3e8ad3f3e3bec63dafbc9fe558729bb",
        "type": "github"
      },
      "original": {
        "owner": "NixOS",
        "ref": "release-22.11",
        "repo": "nixpkgs",
        "type": "github"
      }
    },
    "nixpkgs_2": {
      "locked": {
        "lastModified": 1685356226,
        "narHash": "sha256-f2clSOdqi0SvY1WSgbnl2YgCZmoCXOxeUjYeXp8p2zI=",
        "owner": "NixOS",
        "repo": "nixpkgs",
        "rev": "0f7f5ca1cdec8dea85bb4fa60378258171d019ad",
        "type": "github"
      },
      "original": {
        "owner": "NixOS",
        "ref": "nixos-23.05",
        "repo": "nixpkgs",
        "type": "github"
      }
    },
    "papes": {
      "flake": false,
      "locked": {
        "lastModified": 1674127756,
        "narHash": "sha256-l1udx3XiBEczhAs+ACQXV6Wf/jWsZ8JuSd29a3FcvvM=",
        "owner": "emanueljg",
        "repo": "papes",
        "rev": "e65ed11b0f1799f652694a4abad55d6d1bc5a38a",
        "type": "github"
      },
      "original": {
        "owner": "emanueljg",
        "repo": "papes",
        "type": "github"
      }
    },
    "root": {
      "inputs": {
        "bandcamp-artist-dl": "bandcamp-artist-dl",
        "discordo": "discordo",
        "home-manager": "home-manager",
        "nixpkgs": "nixpkgs_2",
        "nixpkgs-stable": "nixpkgs-stable",
        "papes": "papes",
        "sops-nix": "sops-nix"
      }
    },
    "sops-nix": {
      "inputs": {
        "nixpkgs": [
          "nixpkgs"
        ],
        "nixpkgs-stable": "nixpkgs-stable_2"
      },
      "locked": {
        "lastModified": 1685242617,
        "narHash": "sha256-UBPXGfGwGMJm2Wj9kDj8+TMMK2PTouSM/TpiXYtaqtQ=",
        "owner": "Mic92",
        "repo": "sops-nix",
        "rev": "3e016341d4dca6ce7c62316f90e66341841a30f9",
        "type": "github"
      },
      "original": {
        "owner": "Mic92",
        "repo": "sops-nix",
        "type": "github"
      }
    }
  },
  "root": "root",
  "version": 7
}
